
Microsoft Visual Studio Solution File, Format Version 12.00
# Visual Studio Version 17
VisualStudioVersion = 17.8.34227.203
MinimumVisualStudioVersion = 10.0.40219.1
Project("{FAE04EC0-301F-11D3-BF4B-00C04F79EFBC}") = "Xiaoyu", "Xiaoyu.csproj", "{ED3C2BD0-3069-4568-8DE6-19C75C090CE3}"
EndProject
Global
	GlobalSection(SolutionConfigurationPlatforms) = preSolution
		Debug|Any CPU = Debug|Any CPU
		Release|Any CPU = Release|Any CPU
	EndGlobalSection
	GlobalSection(ProjectConfigurationPlatforms) = postSolution
		{ED3C2BD0-3069-4568-8DE6-19C75C090CE3}.Debug|Any CPU.ActiveCfg = Debug|Any CPU
		{ED3C2BD0-3069-4568-8DE6-19C75C090CE3}.Debug|Any CPU.Build.0 = Debug|Any CPU
		{ED3C2BD0-3069-4568-8DE6-19C75C090CE3}.Release|Any CPU.ActiveCfg = Release|Any CPU
		{ED3C2BD0-3069-4568-8DE6-19C75C090CE3}.Release|Any CPU.Build.0 = Release|Any CPU
	EndGlobalSection
	GlobalSection(SolutionProperties) = preSolution
		HideSolutionNode = FALSE
	EndGlobalSection
	GlobalSection(ExtensibilityGlobals) = postSolution
		SolutionGuid = {76F657D0-8DED-44DC-9A79-7C94AD0D5AE3}
	EndGlobalSection
EndGlobal
